// !$*UTF8*$!
{
	archiveVersion = 1;
	classes = {
	};
	objectVersion = 46;
	objects = {

/* Begin PBXBuildFile section */
		4B075D0F1A3A189100E3B472 /* AppDelegate.swift in Sources */ = {isa = PBXBuildFile; fileRef = 4B075D0E1A3A189100E3B472 /* AppDelegate.swift */; };
		4B075D131A3A189100E3B472 /* Images.xcassets in Resources */ = {isa = PBXBuildFile; fileRef = 4B075D121A3A189100E3B472 /* Images.xcassets */; };
		4B075D161A3A189100E3B472 /* Main.storyboard in Resources */ = {isa = PBXBuildFile; fileRef = 4B075D141A3A189100E3B472 /* Main.storyboard */; };
/* End PBXBuildFile section */

/* Begin PBXFileReference section */
		4B075D091A3A189100E3B472 /* Lock.app */ = {isa = PBXFileReference; explicitFileType = wrapper.application; includeInIndex = 0; path = Lock.app; sourceTree = BUILT_PRODUCTS_DIR; };
		4B075D0D1A3A189100E3B472 /* Info.plist */ = {isa = PBXFileReference; lastKnownFileType = text.plist.xml; path = Info.plist; sourceTree = "<group>"; };
		4B075D0E1A3A189100E3B472 /* AppDelegate.swift */ = {isa = PBXFileReference; lastKnownFileType = sourcecode.swift; path = AppDelegate.swift; sourceTree = "<group>"; };
		4B075D121A3A189100E3B472 /* Images.xcassets */ = {isa = PBXFileReference; lastKnownFileType = folder.assetcatalog; path = Images.xcassets; sourceTree = "<group>"; };
		4B075D151A3A189100E3B472 /* Base */ = {isa = PBXFileReference; lastKnownFileType = file.storyboard; name = Base; path = Base.lproj/Main.storyboard; sourceTree = "<group>"; };
/* End PBXFileReference section */

/* Begin PBXFrameworksBuildPhase section */
		4B075D061A3A189100E3B472 /* Frameworks */ = {
			isa = PBXFrameworksBuildPhase;
			buildActionMask = 2147483647;
			files = (
			);
			runOnlyForDeploymentPostprocessing = 0;
		};
/* End PBXFrameworksBuildPhase section */

/* Begin PBXGroup section */
		4B075D001A3A189100E3B472 = {
			isa = PBXGroup;
			children = (
				4B075D0B1A3A189100E3B472 /* Lock */,
				4B075D0A1A3A189100E3B472 /* Products */,
			);
			sourceTree = "<group>";
		};
		4B075D0A1A3A189100E3B472 /* Products */ = {
			isa = PBXGroup;
			children = (
				4B075D091A3A189100E3B472 /* Lock.app */,
			);
			name = Products;
			sourceTree = "<group>";
		};
		4B075D0B1A3A189100E3B472 /* Lock */ = {
			isa = PBXGroup;
			children = (
				4B075D0E1A3A189100E3B472 /* AppDelegate.swift */,
				4B075D121A3A189100E3B472 /* Images.xcassets */,
				4B075D141A3A189100E3B472 /* Main.storyboard */,
				4B075D0C1A3A189100E3B472 /* Supporting Files */,
			);
			path = Lock;
			sourceTree = "<group>";
		};
		4B075D0C1A3A189100E3B472 /* Supporting Files */ = {
			isa = PBXGroup;
			children = (
				4B075D0D1A3A189100E3B472 /* Info.plist */,
			);
			name = "Supporting Files";
			sourceTree = "<group>";
		};
/* End PBXGroup section */

/* Begin PBXNativeTarget section */
		4B075D081A3A189100E3B472 /* Lock */ = {
			isa = PBXNativeTarget;
			buildConfigurationList = 4B075D251A3A189100E3B472 /* Build configuration list for PBXNativeTarget "Lock" */;
			buildPhases = (
				4B075D051A3A189100E3B472 /* Sources */,
				4B075D061A3A189100E3B472 /* Frameworks */,
				4B075D071A3A189100E3B472 /* Resources */,
			);
			buildRules = (
			);
			dependencies = (
			);
			name = Lock;
			productName = Lock;
			productReference = 4B075D091A3A189100E3B472 /* Lock.app */;
			productType = "com.apple.product-type.application";
		};
/* End PBXNativeTarget section */

/* Begin PBXProject section */
		4B075D011A3A189100E3B472 /* Project object */ = {
			isa = PBXProject;
			attributes = {
				LastUpgradeCheck = 0610;
				ORGANIZATIONNAME = phelgo;
				TargetAttributes = {
					4B075D081A3A189100E3B472 = {
						CreatedOnToolsVersion = 6.1.1;
					};
				};
			};
			buildConfigurationList = 4B075D041A3A189100E3B472 /* Build configuration list for PBXProject "Lock" */;
			compatibilityVersion = "Xcode 3.2";
			developmentRegion = English;
			hasScannedForEncodings = 0;
			knownRegions = (
				en,
				Base,
			);
			mainGroup = 4B075D001A3A189100E3B472;
			productRefGroup = 4B075D0A1A3A189100E3B472 /* Products */;
			projectDirPath = "";
			projectRoot = "";
			targets = (
				4B075D081A3A189100E3B472 /* Lock */,
			);
		};
/* End PBXProject section */

/* Begin PBXResourcesBuildPhase section */
		4B075D071A3A189100E3B472 /* Resources */ = {
			isa = PBXResourcesBuildPhase;
			buildActionMask = 2147483647;
			files = (
				4B075D131A3A189100E3B472 /* Images.xcassets in Resources */,
				4B075D161A3A189100E3B472 /* Main.storyboard in Resources */,
			);
			runOnlyForDeploymentPostprocessing = 0;
		};
/* End PBXResourcesBuildPhase section */

/* Begin PBXSourcesBuildPhase section */
		4B075D051A3A189100E3B472 /* Sources */ = {
			isa = PBXSourcesBuildPhase;
			buildActionMask = 2147483647;
			files = (
				4B075D0F1A3A189100E3B472 /* AppDelegate.swift in Sources */,
			);
			runOnlyForDeploymentPostprocessing = 0;
		};
/* End PBXSourcesBuildPhase section */

/* Begin PBXVariantGroup section */
		4B075D141A3A189100E3B472 /* Main.storyboard */ = {
			isa = PBXVariantGroup;
			children = (
				4B075D151A3A189100E3B472 /* Base */,
			);
			name = Main.storyboard;
			sourceTree = "<group>";
		};
/* End PBXVariantGroup section */

/* Begin XCBuildConfiguration section */
		4B075D231A3A189100E3B472 /* Debug */ = {
			isa = XCBuildConfiguration;
			buildSettings = {
				ALWAYS_SEARCH_USER_PATHS = NO;
				CLANG_CXX_LANGUAGE_STANDARD = "gnu++0x";
				CLANG_CXX_LIBRARY = "libc++";
				CLANG_ENABLE_MODULES = YES;
				CLANG_ENABLE_OBJC_ARC = YES;
				CLANG_WARN_BOOL_CONVERSION = YES;
				CLANG_WARN_CONSTANT_CONVERSION = YES;
				CLANG_WARN_DIRECT_OBJC_ISA_USAGE = YES_ERROR;
				CLANG_WARN_EMPTY_BODY = YES;
				CLANG_WARN_ENUM_CONVERSION = YES;
				CLANG_WARN_INT_CONVERSION = YES;
				CLANG_WARN_OBJC_ROOT_CLASS = YES_ERROR;
				CLANG_WARN_UNREACHABLE_CODE = YES;
				CLANG_WARN__DUPLICATE_METHOD_MATCH = YES;
				CODE_SIGN_IDENTITY = "-";
				COPY_PHASE_STRIP = NO;
				ENABLE_STRICT_OBJC_MSGSEND = YES;
				GCC_C_LANGUAGE_STANDARD = gnu99;
				GCC_DYNAMIC_NO_PIC = NO;
				GCC_OPTIMIZATION_LEVEL = 0;
				GCC_PREPROCESSOR_DEFINITIONS = (
					"DEBUG=1",
					"$(inherited)",
				);
				GCC_SYMBOLS_PRIVATE_EXTERN = NO;
				GCC_WARN_64_TO_32_BIT_CONVERSION = YES;
				GCC_WARN_ABOUT_RETURN_TYPE = YES_ERROR;
				GCC_WARN_UNDECLARED_SELECTOR = YES;
				GCC_WARN_UNINITIALIZED_AUTOS = YES_AGGRESSIVE;
				GCC_WARN_UNUSED_FUNCTION = YES;
				GCC_WARN_UNUSED_VARIABLE = YES;
				MACOSX_DEPLOYMENT_TARGET = 10.10;
				MTL_ENABLE_DEBUG_INFO = YES;
				ONLY_ACTIVE_ARCH = YES;
				SDKROOT = macosx;
				SWIFT_OPTIMIZATION_LEVEL = "-Onone";
			};
			name = Debug;
		};
		4B075D241A3A189100E3B472 /* Release */ = {
			isa = XCBuildConfiguration;
			buildSettings = {
				ALWAYS_SEARCH_USER_PATHS = NO;
				CLANG_CXX_LANGUAGE_STANDARD = "gnu++0x";
				CLANG_CXX_LIBRARY = "libc++";
				CLANG_ENABLE_MODULES = YES;
				CLANG_ENABLE_OBJC_ARC = YES;
				CLANG_WARN_BOOL_CONVERSION = YES;
				CLANG_WARN_CONSTANT_CONVERSION = YES;
				CLANG_WARN_DIRECT_OBJC_ISA_USAGE = YES_ERROR;
				CLANG_WARN_EMPTY_BODY = YES;
				CLANG_WARN_ENUM_CONVERSION = YES;
				CLANG_WARN_INT_CONVERSION = YES;
				CLANG_WARN_OBJC_ROOT_CLASS = YES_ERROR;
				CLANG_WARN_UNREACHABLE_CODE = YES;
				CLANG_WARN__DUPLICATE_METHOD_MATCH = YES;
				CODE_SIGN_IDENTITY = "-";
				COPY_PHASE_STRIP = YES;
				DEBUG_INFORMATION_FORMAT = "dwarf-with-dsym";
				ENABLE_NS_ASSERTIONS = NO;
				ENABLE_STRICT_OBJC_MSGSEND = YES;
				GCC_C_LANGUAGE_STANDARD = gnu99;
				GCC_WARN_64_TO_32_BIT_CONVERSION = YES;
				GCC_WARN_ABOUT_RETURN_TYPE = YES_ERROR;
				GCC_WARN_UNDECLARED_SELECTOR = YES;
				GCC_WARN_UNINITIALIZED_AUTOS = YES_AGGRESSIVE;
				GCC_WARN_UNUSED_FUNCTION = YES;
				GCC_WARN_UNUSED_VARIABLE = YES;
				MACOSX_DEPLOYMENT_TARGET = 10.10;
				MTL_ENABLE_DEBUG_INFO = NO;
				SDKROOT = macosx;
			};
			name = Release;
		};
		4B075D261A3A189100E3B472 /* Debug */ = {
			isa = XCBuildConfiguration;
			buildSettings = {
				ASSETCATALOG_COMPILER_APPICON_NAME = AppIcon;
				COMBINE_HIDPI_IMAGES = YES;
				INFOPLIST_FILE = Lock/Info.plist;
				LD_RUNPATH_SEARCH_PATHS = "$(inherited) @executable_path/../Frameworks";
				PRODUCT_NAME = "$(TARGET_NAME)";
			};
			name = Debug;
		};
		4B075D271A3A189100E3B472 /* Release */ = {
			isa = XCBuildConfiguration;
			buildSettings = {
				ASSETCATALOG_COMPILER_APPICON_NAME = AppIcon;
				COMBINE_HIDPI_IMAGES = YES;
				INFOPLIST_FILE = Lock/Info.plist;
				LD_RUNPATH_SEARCH_PATHS = "$(inherited) @executable_path/../Frameworks";
				PRODUCT_NAME = "$(TARGET_NAME)";
			};
			name = Release;
		};
/* End XCBuildConfiguration section */

/* Begin XCConfigurationList section */
		4B075D041A3A189100E3B472 /* Build configuration list for PBXProject "Lock" */ = {
			isa = XCConfigurationList;
			buildConfigurations = (
				4B075D231A3A189100E3B472 /* Debug */,
				4B075D241A3A189100E3B472 /* Release */,
			);
			defaultConfigurationIsVisible = 0;
			defaultConfigurationName = Release;
		};
		4B075D251A3A189100E3B472 /* Build configuration list for PBXNativeTarget "Lock" */ = {
			isa = XCConfigurationList;
			buildConfigurations = (
				4B075D261A3A189100E3B472 /* Debug */,
				4B075D271A3A189100E3B472 /* Release */,
			);
			defaultConfigurationIsVisible = 0;
			defaultConfigurationName = Release;
		};
/* End XCConfigurationList section */
	};
	rootObject = 4B075D011A3A189100E3B472 /* Project object */;
}
